// !$*UTF8*$!
{
	archiveVersion = 1;
	classes = {
	};
	objectVersion = 46;
	objects = {

/* Begin PBXBuildFile section */
		931ADE0B1EDBCB000063D45A /* AppDelegate.swift in Sources */ = {isa = PBXBuildFile; fileRef = 931ADE0A1EDBCB000063D45A /* AppDelegate.swift */; };
		931ADE0D1EDBCB000063D45A /* FirstViewController.swift in Sources */ = {isa = PBXBuildFile; fileRef = 931ADE0C1EDBCB000063D45A /* FirstViewController.swift */; };
		931ADE0F1EDBCB000063D45A /* SecondViewController.swift in Sources */ = {isa = PBXBuildFile; fileRef = 931ADE0E1EDBCB000063D45A /* SecondViewController.swift */; };
		931ADE121EDBCB000063D45A /* Main.storyboard in Resources */ = {isa = PBXBuildFile; fileRef = 931ADE101EDBCB000063D45A /* Main.storyboard */; };
		931ADE141EDBCB000063D45A /* Assets.xcassets in Resources */ = {isa = PBXBuildFile; fileRef = 931ADE131EDBCB000063D45A /* Assets.xcassets */; };
		931ADE171EDBCB000063D45A /* LaunchScreen.storyboard in Resources */ = {isa = PBXBuildFile; fileRef = 931ADE151EDBCB000063D45A /* LaunchScreen.storyboard */; };
		931ADE1F1EDBDB940063D45A /* MyCardsService.swift in Sources */ = {isa = PBXBuildFile; fileRef = 931ADE1E1EDBDB940063D45A /* MyCardsService.swift */; };
		931ADE211EDBDED70063D45A /* RestApiManager.swift in Sources */ = {isa = PBXBuildFile; fileRef = 931ADE201EDBDED70063D45A /* RestApiManager.swift */; };
		931ADE251EDBE2200063D45A /* Card.swift in Sources */ = {isa = PBXBuildFile; fileRef = 931ADE241EDBE2200063D45A /* Card.swift */; };
		93551EE61EDD1282007771E3 /* MyCardCell.swift in Sources */ = {isa = PBXBuildFile; fileRef = 93551EE51EDD1282007771E3 /* MyCardCell.swift */; };
		93728B371EE662B500F5115E /* CategoryViewController.swift in Sources */ = {isa = PBXBuildFile; fileRef = 93728B361EE662B500F5115E /* CategoryViewController.swift */; };
		938914DB1EE8BF120058D038 /* ActivityIndicator.swift in Sources */ = {isa = PBXBuildFile; fileRef = 938914DA1EE8BF110058D038 /* ActivityIndicator.swift */; };
		93A4A8541EE28761009FEB42 /* PopoverController.swift in Sources */ = {isa = PBXBuildFile; fileRef = 93A4A8531EE28760009FEB42 /* PopoverController.swift */; };
		93A4A8561EE28A99009FEB42 /* ResourceGetService.swift in Sources */ = {isa = PBXBuildFile; fileRef = 93A4A8551EE28A99009FEB42 /* ResourceGetService.swift */; };
		93D798FF1EE51AA7004D89EA /* StoresViewController.swift in Sources */ = {isa = PBXBuildFile; fileRef = 93D798FE1EE51AA7004D89EA /* StoresViewController.swift */; };
		93D799011EE59A39004D89EA /* SearchCell.swift in Sources */ = {isa = PBXBuildFile; fileRef = 93D799001EE59A38004D89EA /* SearchCell.swift */; };
		93FD40021EE36889001BAE5B /* GoogleMapService.swift in Sources */ = {isa = PBXBuildFile; fileRef = 93FD40011EE36889001BAE5B /* GoogleMapService.swift */; };
		93FD40041EE3913E001BAE5B /* RewardsCell.swift in Sources */ = {isa = PBXBuildFile; fileRef = 93FD40031EE3913E001BAE5B /* RewardsCell.swift */; };
		93FD40061EE39274001BAE5B /* RewardsService.swift in Sources */ = {isa = PBXBuildFile; fileRef = 93FD40051EE39274001BAE5B /* RewardsService.swift */; };
		93FD40081EE39396001BAE5B /* Reward.swift in Sources */ = {isa = PBXBuildFile; fileRef = 93FD40071EE39396001BAE5B /* Reward.swift */; };
		93FF3A6A1EE61606007E0BC1 /* RewardsViewController.swift in Sources */ = {isa = PBXBuildFile; fileRef = 93FF3A691EE61606007E0BC1 /* RewardsViewController.swift */; };
		E0114CD62FC0159BB34C43E5 /* Pods_PayWise.framework in Frameworks */ = {isa = PBXBuildFile; fileRef = 190690C2411AABF1C35E0D8A /* Pods_PayWise.framework */; };
/* End PBXBuildFile section */

/* Begin PBXFileReference section */
		190690C2411AABF1C35E0D8A /* Pods_PayWise.framework */ = {isa = PBXFileReference; explicitFileType = wrapper.framework; includeInIndex = 0; path = Pods_PayWise.framework; sourceTree = BUILT_PRODUCTS_DIR; };
		451E57461B1FC9B8E4B993F7 /* Pods-PayWise.release.xcconfig */ = {isa = PBXFileReference; includeInIndex = 1; lastKnownFileType = text.xcconfig; name = "Pods-PayWise.release.xcconfig"; path = "Pods/Target Support Files/Pods-PayWise/Pods-PayWise.release.xcconfig"; sourceTree = "<group>"; };
		931ADE071EDBCB000063D45A /* PayWise.app */ = {isa = PBXFileReference; explicitFileType = wrapper.application; includeInIndex = 0; path = PayWise.app; sourceTree = BUILT_PRODUCTS_DIR; };
		931ADE0A1EDBCB000063D45A /* AppDelegate.swift */ = {isa = PBXFileReference; lastKnownFileType = sourcecode.swift; path = AppDelegate.swift; sourceTree = "<group>"; };
		931ADE0C1EDBCB000063D45A /* FirstViewController.swift */ = {isa = PBXFileReference; lastKnownFileType = sourcecode.swift; path = FirstViewController.swift; sourceTree = "<group>"; };
		931ADE0E1EDBCB000063D45A /* SecondViewController.swift */ = {isa = PBXFileReference; lastKnownFileType = sourcecode.swift; path = SecondViewController.swift; sourceTree = "<group>"; };
		931ADE111EDBCB000063D45A /* Base */ = {isa = PBXFileReference; lastKnownFileType = file.storyboard; name = Base; path = Base.lproj/Main.storyboard; sourceTree = "<group>"; };
		931ADE131EDBCB000063D45A /* Assets.xcassets */ = {isa = PBXFileReference; lastKnownFileType = folder.assetcatalog; path = Assets.xcassets; sourceTree = "<group>"; };
		931ADE161EDBCB000063D45A /* Base */ = {isa = PBXFileReference; lastKnownFileType = file.storyboard; name = Base; path = Base.lproj/LaunchScreen.storyboard; sourceTree = "<group>"; };
		931ADE181EDBCB000063D45A /* Info.plist */ = {isa = PBXFileReference; lastKnownFileType = text.plist.xml; path = Info.plist; sourceTree = "<group>"; };
		931ADE1E1EDBDB940063D45A /* MyCardsService.swift */ = {isa = PBXFileReference; fileEncoding = 4; lastKnownFileType = sourcecode.swift; path = MyCardsService.swift; sourceTree = "<group>"; };
		931ADE201EDBDED70063D45A /* RestApiManager.swift */ = {isa = PBXFileReference; fileEncoding = 4; lastKnownFileType = sourcecode.swift; path = RestApiManager.swift; sourceTree = "<group>"; };
		931ADE241EDBE2200063D45A /* Card.swift */ = {isa = PBXFileReference; fileEncoding = 4; lastKnownFileType = sourcecode.swift; path = Card.swift; sourceTree = "<group>"; };
		93551EE51EDD1282007771E3 /* MyCardCell.swift */ = {isa = PBXFileReference; fileEncoding = 4; lastKnownFileType = sourcecode.swift; path = MyCardCell.swift; sourceTree = "<group>"; };
		93728B361EE662B500F5115E /* CategoryViewController.swift */ = {isa = PBXFileReference; fileEncoding = 4; lastKnownFileType = sourcecode.swift; path = CategoryViewController.swift; sourceTree = "<group>"; };
		938914DA1EE8BF110058D038 /* ActivityIndicator.swift */ = {isa = PBXFileReference; fileEncoding = 4; lastKnownFileType = sourcecode.swift; path = ActivityIndicator.swift; sourceTree = "<group>"; };
		93A4A8531EE28760009FEB42 /* PopoverController.swift */ = {isa = PBXFileReference; fileEncoding = 4; lastKnownFileType = sourcecode.swift; path = PopoverController.swift; sourceTree = "<group>"; };
		93A4A8551EE28A99009FEB42 /* ResourceGetService.swift */ = {isa = PBXFileReference; fileEncoding = 4; lastKnownFileType = sourcecode.swift; path = ResourceGetService.swift; sourceTree = "<group>"; };
		93D798FE1EE51AA7004D89EA /* StoresViewController.swift */ = {isa = PBXFileReference; fileEncoding = 4; lastKnownFileType = sourcecode.swift; path = StoresViewController.swift; sourceTree = "<group>"; };
		93D799001EE59A38004D89EA /* SearchCell.swift */ = {isa = PBXFileReference; fileEncoding = 4; lastKnownFileType = sourcecode.swift; path = SearchCell.swift; sourceTree = "<group>"; };
		93FD40011EE36889001BAE5B /* GoogleMapService.swift */ = {isa = PBXFileReference; fileEncoding = 4; lastKnownFileType = sourcecode.swift; path = GoogleMapService.swift; sourceTree = "<group>"; };
		93FD40031EE3913E001BAE5B /* RewardsCell.swift */ = {isa = PBXFileReference; fileEncoding = 4; lastKnownFileType = sourcecode.swift; path = RewardsCell.swift; sourceTree = "<group>"; };
		93FD40051EE39274001BAE5B /* RewardsService.swift */ = {isa = PBXFileReference; fileEncoding = 4; lastKnownFileType = sourcecode.swift; path = RewardsService.swift; sourceTree = "<group>"; };
		93FD40071EE39396001BAE5B /* Reward.swift */ = {isa = PBXFileReference; fileEncoding = 4; lastKnownFileType = sourcecode.swift; path = Reward.swift; sourceTree = "<group>"; };
		93FF3A691EE61606007E0BC1 /* RewardsViewController.swift */ = {isa = PBXFileReference; fileEncoding = 4; lastKnownFileType = sourcecode.swift; path = RewardsViewController.swift; sourceTree = "<group>"; };
		F840BC32DAEE042A7FF020FB /* Pods-PayWise.debug.xcconfig */ = {isa = PBXFileReference; includeInIndex = 1; lastKnownFileType = text.xcconfig; name = "Pods-PayWise.debug.xcconfig"; path = "Pods/Target Support Files/Pods-PayWise/Pods-PayWise.debug.xcconfig"; sourceTree = "<group>"; };
/* End PBXFileReference section */

/* Begin PBXFrameworksBuildPhase section */
		931ADE041EDBCAFF0063D45A /* Frameworks */ = {
			isa = PBXFrameworksBuildPhase;
			buildActionMask = 2147483647;
			files = (
				E0114CD62FC0159BB34C43E5 /* Pods_PayWise.framework in Frameworks */,
			);
			runOnlyForDeploymentPostprocessing = 0;
		};
/* End PBXFrameworksBuildPhase section */

/* Begin PBXGroup section */
		3BDCED8E21CA5263CA0906C1 /* Frameworks */ = {
			isa = PBXGroup;
			children = (
				190690C2411AABF1C35E0D8A /* Pods_PayWise.framework */,
			);
			name = Frameworks;
			sourceTree = "<group>";
		};
		931ADDFE1EDBCAFF0063D45A = {
			isa = PBXGroup;
			children = (
				931ADE091EDBCB000063D45A /* PayWise */,
				931ADE081EDBCB000063D45A /* Products */,
				E2C4AA1ED4A0F6366FE7B778 /* Pods */,
				3BDCED8E21CA5263CA0906C1 /* Frameworks */,
			);
			sourceTree = "<group>";
		};
		931ADE081EDBCB000063D45A /* Products */ = {
			isa = PBXGroup;
			children = (
				931ADE071EDBCB000063D45A /* PayWise.app */,
			);
			name = Products;
			sourceTree = "<group>";
		};
		931ADE091EDBCB000063D45A /* PayWise */ = {
			isa = PBXGroup;
			children = (
				938914DC1EE98F790058D038 /* Rewards */,
				938914DD1EE98FCE0058D038 /* MyCards */,
				931ADE0A1EDBCB000063D45A /* AppDelegate.swift */,
				931ADE101EDBCB000063D45A /* Main.storyboard */,
				931ADE131EDBCB000063D45A /* Assets.xcassets */,
				931ADE151EDBCB000063D45A /* LaunchScreen.storyboard */,
				931ADE181EDBCB000063D45A /* Info.plist */,
				931ADE201EDBDED70063D45A /* RestApiManager.swift */,
				93A4A8551EE28A99009FEB42 /* ResourceGetService.swift */,
				938914DA1EE8BF110058D038 /* ActivityIndicator.swift */,
			);
			path = PayWise;
			sourceTree = "<group>";
		};
		938914DC1EE98F790058D038 /* Rewards */ = {
			isa = PBXGroup;
			children = (
				931ADE0C1EDBCB000063D45A /* FirstViewController.swift */,
				93FD40011EE36889001BAE5B /* GoogleMapService.swift */,
				93D798FE1EE51AA7004D89EA /* StoresViewController.swift */,
				93FF3A691EE61606007E0BC1 /* RewardsViewController.swift */,
				93728B361EE662B500F5115E /* CategoryViewController.swift */,
				93D799001EE59A38004D89EA /* SearchCell.swift */,
				93FD40031EE3913E001BAE5B /* RewardsCell.swift */,
				93FD40051EE39274001BAE5B /* RewardsService.swift */,
				93FD40071EE39396001BAE5B /* Reward.swift */,
			);
			name = Rewards;
			sourceTree = "<group>";
		};
		938914DD1EE98FCE0058D038 /* MyCards */ = {
			isa = PBXGroup;
			children = (
				931ADE0E1EDBCB000063D45A /* SecondViewController.swift */,
				93A4A8531EE28760009FEB42 /* PopoverController.swift */,
				931ADE241EDBE2200063D45A /* Card.swift */,
				93551EE51EDD1282007771E3 /* MyCardCell.swift */,
				931ADE1E1EDBDB940063D45A /* MyCardsService.swift */,
			);
			name = MyCards;
			sourceTree = "<group>";
		};
		E2C4AA1ED4A0F6366FE7B778 /* Pods */ = {
			isa = PBXGroup;
			children = (
				F840BC32DAEE042A7FF020FB /* Pods-PayWise.debug.xcconfig */,
				451E57461B1FC9B8E4B993F7 /* Pods-PayWise.release.xcconfig */,
			);
			name = Pods;
			sourceTree = "<group>";
		};
/* End PBXGroup section */

/* Begin PBXNativeTarget section */
		931ADE061EDBCAFF0063D45A /* PayWise */ = {
			isa = PBXNativeTarget;
			buildConfigurationList = 931ADE1B1EDBCB000063D45A /* Build configuration list for PBXNativeTarget "PayWise" */;
			buildPhases = (
				F45EAA2CA5BCE98409B41C42 /* [CP] Check Pods Manifest.lock */,
				931ADE031EDBCAFF0063D45A /* Sources */,
				931ADE041EDBCAFF0063D45A /* Frameworks */,
				931ADE051EDBCAFF0063D45A /* Resources */,
				6A50A53FF7632285E68CFB1B /* [CP] Embed Pods Frameworks */,
				69E8ADB630567824486D320E /* [CP] Copy Pods Resources */,
			);
			buildRules = (
			);
			dependencies = (
			);
			name = PayWise;
			productName = PayWise;
			productReference = 931ADE071EDBCB000063D45A /* PayWise.app */;
			productType = "com.apple.product-type.application";
		};
/* End PBXNativeTarget section */

/* Begin PBXProject section */
		931ADDFF1EDBCAFF0063D45A /* Project object */ = {
			isa = PBXProject;
			attributes = {
				LastSwiftUpdateCheck = 0830;
				LastUpgradeCheck = 0830;
				ORGANIZATIONNAME = "Yan Zhan";
				TargetAttributes = {
					931ADE061EDBCAFF0063D45A = {
						CreatedOnToolsVersion = 8.3.2;
						DevelopmentTeam = MH65659B7Z;
						ProvisioningStyle = Automatic;
					};
				};
			};
			buildConfigurationList = 931ADE021EDBCAFF0063D45A /* Build configuration list for PBXProject "PayWise" */;
			compatibilityVersion = "Xcode 3.2";
			developmentRegion = English;
			hasScannedForEncodings = 0;
			knownRegions = (
				en,
				Base,
			);
			mainGroup = 931ADDFE1EDBCAFF0063D45A;
			productRefGroup = 931ADE081EDBCB000063D45A /* Products */;
			projectDirPath = "";
			projectRoot = "";
			targets = (
				931ADE061EDBCAFF0063D45A /* PayWise */,
			);
		};
/* End PBXProject section */

/* Begin PBXResourcesBuildPhase section */
		931ADE051EDBCAFF0063D45A /* Resources */ = {
			isa = PBXResourcesBuildPhase;
			buildActionMask = 2147483647;
			files = (
				931ADE171EDBCB000063D45A /* LaunchScreen.storyboard in Resources */,
				931ADE141EDBCB000063D45A /* Assets.xcassets in Resources */,
				931ADE121EDBCB000063D45A /* Main.storyboard in Resources */,
			);
			runOnlyForDeploymentPostprocessing = 0;
		};
/* End PBXResourcesBuildPhase section */

/* Begin PBXShellScriptBuildPhase section */
		69E8ADB630567824486D320E /* [CP] Copy Pods Resources */ = {
			isa = PBXShellScriptBuildPhase;
			buildActionMask = 2147483647;
			files = (
			);
			inputPaths = (
			);
			name = "[CP] Copy Pods Resources";
			outputPaths = (
			);
			runOnlyForDeploymentPostprocessing = 0;
			shellPath = /bin/sh;
			shellScript = "\"${SRCROOT}/Pods/Target Support Files/Pods-PayWise/Pods-PayWise-resources.sh\"\n";
			showEnvVarsInLog = 0;
		};
		6A50A53FF7632285E68CFB1B /* [CP] Embed Pods Frameworks */ = {
			isa = PBXShellScriptBuildPhase;
			buildActionMask = 2147483647;
			files = (
			);
			inputPaths = (
			);
			name = "[CP] Embed Pods Frameworks";
			outputPaths = (
			);
			runOnlyForDeploymentPostprocessing = 0;
			shellPath = /bin/sh;
			shellScript = "\"${SRCROOT}/Pods/Target Support Files/Pods-PayWise/Pods-PayWise-frameworks.sh\"\n";
			showEnvVarsInLog = 0;
		};
		F45EAA2CA5BCE98409B41C42 /* [CP] Check Pods Manifest.lock */ = {
			isa = PBXShellScriptBuildPhase;
			buildActionMask = 2147483647;
			files = (
			);
			inputPaths = (
			);
			name = "[CP] Check Pods Manifest.lock";
			outputPaths = (
			);
			runOnlyForDeploymentPostprocessing = 0;
			shellPath = /bin/sh;
			shellScript = "diff \"${PODS_PODFILE_DIR_PATH}/Podfile.lock\" \"${PODS_ROOT}/Manifest.lock\" > /dev/null\nif [ $? != 0 ] ; then\n    # print error to STDERR\n    echo \"error: The sandbox is not in sync with the Podfile.lock. Run 'pod install' or update your CocoaPods installation.\" >&2\n    exit 1\nfi\n";
			showEnvVarsInLog = 0;
		};
/* End PBXShellScriptBuildPhase section */

/* Begin PBXSourcesBuildPhase section */
		931ADE031EDBCAFF0063D45A /* Sources */ = {
			isa = PBXSourcesBuildPhase;
			buildActionMask = 2147483647;
			files = (
				93FD40041EE3913E001BAE5B /* RewardsCell.swift in Sources */,
				931ADE0F1EDBCB000063D45A /* SecondViewController.swift in Sources */,
				93728B371EE662B500F5115E /* CategoryViewController.swift in Sources */,
				93551EE61EDD1282007771E3 /* MyCardCell.swift in Sources */,
				93D798FF1EE51AA7004D89EA /* StoresViewController.swift in Sources */,
				93FD40081EE39396001BAE5B /* Reward.swift in Sources */,
				931ADE251EDBE2200063D45A /* Card.swift in Sources */,
				931ADE0B1EDBCB000063D45A /* AppDelegate.swift in Sources */,
				93FF3A6A1EE61606007E0BC1 /* RewardsViewController.swift in Sources */,
				93FD40021EE36889001BAE5B /* GoogleMapService.swift in Sources */,
				931ADE0D1EDBCB000063D45A /* FirstViewController.swift in Sources */,
				93A4A8561EE28A99009FEB42 /* ResourceGetService.swift in Sources */,
				931ADE211EDBDED70063D45A /* RestApiManager.swift in Sources */,
				93FD40061EE39274001BAE5B /* RewardsService.swift in Sources */,
				938914DB1EE8BF120058D038 /* ActivityIndicator.swift in Sources */,
				93A4A8541EE28761009FEB42 /* PopoverController.swift in Sources */,
				93D799011EE59A39004D89EA /* SearchCell.swift in Sources */,
				931ADE1F1EDBDB940063D45A /* MyCardsService.swift in Sources */,
			);
			runOnlyForDeploymentPostprocessing = 0;
		};
/* End PBXSourcesBuildPhase section */

/* Begin PBXVariantGroup section */
		931ADE101EDBCB000063D45A /* Main.storyboard */ = {
			isa = PBXVariantGroup;
			children = (
				931ADE111EDBCB000063D45A /* Base */,
			);
			name = Main.storyboard;
			sourceTree = "<group>";
		};
		931ADE151EDBCB000063D45A /* LaunchScreen.storyboard */ = {
			isa = PBXVariantGroup;
			children = (
				931ADE161EDBCB000063D45A /* Base */,
			);
			name = LaunchScreen.storyboard;
			sourceTree = "<group>";
		};
/* End PBXVariantGroup section */

/* Begin XCBuildConfiguration section */
		931ADE191EDBCB000063D45A /* Debug */ = {
			isa = XCBuildConfiguration;
			buildSettings = {
				ALWAYS_SEARCH_USER_PATHS = NO;
				CLANG_ANALYZER_NONNULL = YES;
				CLANG_ANALYZER_NUMBER_OBJECT_CONVERSION = YES_AGGRESSIVE;
				CLANG_CXX_LANGUAGE_STANDARD = "gnu++0x";
				CLANG_CXX_LIBRARY = "libc++";
				CLANG_ENABLE_MODULES = YES;
				CLANG_ENABLE_OBJC_ARC = YES;
				CLANG_WARN_BOOL_CONVERSION = YES;
				CLANG_WARN_CONSTANT_CONVERSION = YES;
				CLANG_WARN_DIRECT_OBJC_ISA_USAGE = YES_ERROR;
				CLANG_WARN_DOCUMENTATION_COMMENTS = YES;
				CLANG_WARN_EMPTY_BODY = YES;
				CLANG_WARN_ENUM_CONVERSION = YES;
				CLANG_WARN_INFINITE_RECURSION = YES;
				CLANG_WARN_INT_CONVERSION = YES;
				CLANG_WARN_OBJC_ROOT_CLASS = YES_ERROR;
				CLANG_WARN_SUSPICIOUS_MOVE = YES;
				CLANG_WARN_UNREACHABLE_CODE = YES;
				CLANG_WARN__DUPLICATE_METHOD_MATCH = YES;
				"CODE_SIGN_IDENTITY[sdk=iphoneos*]" = "iPhone Developer";
				COPY_PHASE_STRIP = NO;
				DEBUG_INFORMATION_FORMAT = dwarf;
				ENABLE_STRICT_OBJC_MSGSEND = YES;
				ENABLE_TESTABILITY = YES;
				GCC_C_LANGUAGE_STANDARD = gnu99;
				GCC_DYNAMIC_NO_PIC = NO;
				GCC_NO_COMMON_BLOCKS = YES;
				GCC_OPTIMIZATION_LEVEL = 0;
				GCC_PREPROCESSOR_DEFINITIONS = (
					"DEBUG=1",
					"$(inherited)",
				);
				GCC_WARN_64_TO_32_BIT_CONVERSION = YES;
				GCC_WARN_ABOUT_RETURN_TYPE = YES_ERROR;
				GCC_WARN_UNDECLARED_SELECTOR = YES;
				GCC_WARN_UNINITIALIZED_AUTOS = YES_AGGRESSIVE;
				GCC_WARN_UNUSED_FUNCTION = YES;
				GCC_WARN_UNUSED_VARIABLE = YES;
				IPHONEOS_DEPLOYMENT_TARGET = 10.3;
				MTL_ENABLE_DEBUG_INFO = YES;
				ONLY_ACTIVE_ARCH = YES;
				SDKROOT = iphoneos;
				SWIFT_ACTIVE_COMPILATION_CONDITIONS = DEBUG;
				SWIFT_OPTIMIZATION_LEVEL = "-Onone";
			};
			name = Debug;
		};
		931ADE1A1EDBCB000063D45A /* Release */ = {
			isa = XCBuildConfiguration;
			buildSettings = {
				ALWAYS_SEARCH_USER_PATHS = NO;
				CLANG_ANALYZER_NONNULL = YES;
				CLANG_ANALYZER_NUMBER_OBJECT_CONVERSION = YES_AGGRESSIVE;
				CLANG_CXX_LANGUAGE_STANDARD = "gnu++0x";
				CLANG_CXX_LIBRARY = "libc++";
				CLANG_ENABLE_MODULES = YES;
				CLANG_ENABLE_OBJC_ARC = YES;
				CLANG_WARN_BOOL_CONVERSION = YES;
				CLANG_WARN_CONSTANT_CONVERSION = YES;
				CLANG_WARN_DIRECT_OBJC_ISA_USAGE = YES_ERROR;
				CLANG_WARN_DOCUMENTATION_COMMENTS = YES;
				CLANG_WARN_EMPTY_BODY = YES;
				CLANG_WARN_ENUM_CONVERSION = YES;
				CLANG_WARN_INFINITE_RECURSION = YES;
				CLANG_WARN_INT_CONVERSION = YES;
				CLANG_WARN_OBJC_ROOT_CLASS = YES_ERROR;
				CLANG_WARN_SUSPICIOUS_MOVE = YES;
				CLANG_WARN_UNREACHABLE_CODE = YES;
				CLANG_WARN__DUPLICATE_METHOD_MATCH = YES;
				"CODE_SIGN_IDENTITY[sdk=iphoneos*]" = "iPhone Developer";
				COPY_PHASE_STRIP = NO;
				DEBUG_INFORMATION_FORMAT = "dwarf-with-dsym";
				ENABLE_NS_ASSERTIONS = NO;
				ENABLE_STRICT_OBJC_MSGSEND = YES;
				GCC_C_LANGUAGE_STANDARD = gnu99;
				GCC_NO_COMMON_BLOCKS = YES;
				GCC_WARN_64_TO_32_BIT_CONVERSION = YES;
				GCC_WARN_ABOUT_RETURN_TYPE = YES_ERROR;
				GCC_WARN_UNDECLARED_SELECTOR = YES;
				GCC_WARN_UNINITIALIZED_AUTOS = YES_AGGRESSIVE;
				GCC_WARN_UNUSED_FUNCTION = YES;
				GCC_WARN_UNUSED_VARIABLE = YES;
				IPHONEOS_DEPLOYMENT_TARGET = 10.3;
				MTL_ENABLE_DEBUG_INFO = NO;
				SDKROOT = iphoneos;
				SWIFT_OPTIMIZATION_LEVEL = "-Owholemodule";
				VALIDATE_PRODUCT = YES;
			};
			name = Release;
		};
		931ADE1C1EDBCB000063D45A /* Debug */ = {
			isa = XCBuildConfiguration;
			baseConfigurationReference = F840BC32DAEE042A7FF020FB /* Pods-PayWise.debug.xcconfig */;
			buildSettings = {
				ASSETCATALOG_COMPILER_APPICON_NAME = AppIcon;
				DEVELOPMENT_TEAM = MH65659B7Z;
				INFOPLIST_FILE = PayWise/Info.plist;
				IPHONEOS_DEPLOYMENT_TARGET = 10.0;
				LD_RUNPATH_SEARCH_PATHS = "$(inherited) @executable_path/Frameworks";
				PRODUCT_BUNDLE_IDENTIFIER = com.yanzhan.PayWise;
				PRODUCT_NAME = "$(TARGET_NAME)";
				SWIFT_VERSION = 3.0;
			};
			name = Debug;
		};
		931ADE1D1EDBCB000063D45A /* Release */ = {
			isa = XCBuildConfiguration;
			baseConfigurationReference = 451E57461B1FC9B8E4B993F7 /* Pods-PayWise.release.xcconfig */;
			buildSettings = {
				ASSETCATALOG_COMPILER_APPICON_NAME = AppIcon;
				DEVELOPMENT_TEAM = MH65659B7Z;
				INFOPLIST_FILE = PayWise/Info.plist;
				IPHONEOS_DEPLOYMENT_TARGET = 10.0;
				LD_RUNPATH_SEARCH_PATHS = "$(inherited) @executable_path/Frameworks";
				PRODUCT_BUNDLE_IDENTIFIER = com.yanzhan.PayWise;
				PRODUCT_NAME = "$(TARGET_NAME)";
				SWIFT_VERSION = 3.0;
			};
			name = Release;
		};
/* End XCBuildConfiguration section */

/* Begin XCConfigurationList section */
		931ADE021EDBCAFF0063D45A /* Build configuration list for PBXProject "PayWise" */ = {
			isa = XCConfigurationList;
			buildConfigurations = (
				931ADE191EDBCB000063D45A /* Debug */,
				931ADE1A1EDBCB000063D45A /* Release */,
			);
			defaultConfigurationIsVisible = 0;
			defaultConfigurationName = Release;
		};
		931ADE1B1EDBCB000063D45A /* Build configuration list for PBXNativeTarget "PayWise" */ = {
			isa = XCConfigurationList;
			buildConfigurations = (
				931ADE1C1EDBCB000063D45A /* Debug */,
				931ADE1D1EDBCB000063D45A /* Release */,
			);
			defaultConfigurationIsVisible = 0;
			defaultConfigurationName = Release;
		};
/* End XCConfigurationList section */
	};
	rootObject = 931ADDFF1EDBCAFF0063D45A /* Project object */;
}
